
Microsoft Visual Studio Solution File, Format Version 12.00
# Visual Studio Version 17
VisualStudioVersion = 17.8.34511.84
MinimumVisualStudioVersion = 10.0.40219.1
Project("{FAE04EC0-301F-11D3-BF4B-00C04F79EFBC}") = "TASK", "TASK\TASK.csproj", "{EEED88A5-8C4B-4BDC-B39B-EDBF48FE6C42}"
EndProject
Global
	GlobalSection(SolutionConfigurationPlatforms) = preSolution
		Debug|Any CPU = Debug|Any CPU
		Release|Any CPU = Release|Any CPU
	EndGlobalSection
	GlobalSection(ProjectConfigurationPlatforms) = postSolution
		{EEED88A5-8C4B-4BDC-B39B-EDBF48FE6C42}.Debug|Any CPU.ActiveCfg = Debug|Any CPU
		{EEED88A5-8C4B-4BDC-B39B-EDBF48FE6C42}.Debug|Any CPU.Build.0 = Debug|Any CPU
		{EEED88A5-8C4B-4BDC-B39B-EDBF48FE6C42}.Release|Any CPU.ActiveCfg = Release|Any CPU
		{EEED88A5-8C4B-4BDC-B39B-EDBF48FE6C42}.Release|Any CPU.Build.0 = Release|Any CPU
	EndGlobalSection
	GlobalSection(SolutionProperties) = preSolution
		HideSolutionNode = FALSE
	EndGlobalSection
	GlobalSection(ExtensibilityGlobals) = postSolution
		SolutionGuid = {98178F63-D292-4841-8EBF-9D2D22618DF0}
	EndGlobalSection
EndGlobal
